// !$*UTF8*$!
{
	archiveVersion = 1;
	classes = {
	};
	objectVersion = 56;
	objects = {

/* Begin PBXBuildFile section */
		6709ED62BCF147C0F65D5052 /* Pods_PriceChecker.framework in Frameworks */ = {isa = PBXBuildFile; fileRef = 5573C73DAAEA91C475FBBE10 /* Pods_PriceChecker.framework */; };
		C608D8FE29D3211B009EC779 /* AppDelegate.swift in Sources */ = {isa = PBXBuildFile; fileRef = C608D8FD29D3211B009EC779 /* AppDelegate.swift */; };
		C608D90029D3211B009EC779 /* SceneDelegate.swift in Sources */ = {isa = PBXBuildFile; fileRef = C608D8FF29D3211B009EC779 /* SceneDelegate.swift */; };
		C608D90229D3211B009EC779 /* ViewController.swift in Sources */ = {isa = PBXBuildFile; fileRef = C608D90129D3211B009EC779 /* ViewController.swift */; };
		C608D90529D3211B009EC779 /* Main.storyboard in Resources */ = {isa = PBXBuildFile; fileRef = C608D90329D3211B009EC779 /* Main.storyboard */; };
		C608D90729D3211C009EC779 /* Assets.xcassets in Resources */ = {isa = PBXBuildFile; fileRef = C608D90629D3211C009EC779 /* Assets.xcassets */; };
		C608D90A29D3211C009EC779 /* LaunchScreen.storyboard in Resources */ = {isa = PBXBuildFile; fileRef = C608D90829D3211C009EC779 /* LaunchScreen.storyboard */; };
/* End PBXBuildFile section */

/* Begin PBXFileReference section */
		4BC56D11B514F6D5A241EADD /* Pods-PriceChecker.release.xcconfig */ = {isa = PBXFileReference; includeInIndex = 1; lastKnownFileType = text.xcconfig; name = "Pods-PriceChecker.release.xcconfig"; path = "Target Support Files/Pods-PriceChecker/Pods-PriceChecker.release.xcconfig"; sourceTree = "<group>"; };
		5573C73DAAEA91C475FBBE10 /* Pods_PriceChecker.framework */ = {isa = PBXFileReference; explicitFileType = wrapper.framework; includeInIndex = 0; path = Pods_PriceChecker.framework; sourceTree = BUILT_PRODUCTS_DIR; };
		94970647DEC262D5DE7AC7A2 /* Pods-PriceChecker.debug.xcconfig */ = {isa = PBXFileReference; includeInIndex = 1; lastKnownFileType = text.xcconfig; name = "Pods-PriceChecker.debug.xcconfig"; path = "Target Support Files/Pods-PriceChecker/Pods-PriceChecker.debug.xcconfig"; sourceTree = "<group>"; };
		C608D8FA29D3211B009EC779 /* PriceChecker.app */ = {isa = PBXFileReference; explicitFileType = wrapper.application; includeInIndex = 0; path = PriceChecker.app; sourceTree = BUILT_PRODUCTS_DIR; };
		C608D8FD29D3211B009EC779 /* AppDelegate.swift */ = {isa = PBXFileReference; lastKnownFileType = sourcecode.swift; path = AppDelegate.swift; sourceTree = "<group>"; };
		C608D8FF29D3211B009EC779 /* SceneDelegate.swift */ = {isa = PBXFileReference; lastKnownFileType = sourcecode.swift; path = SceneDelegate.swift; sourceTree = "<group>"; };
		C608D90129D3211B009EC779 /* ViewController.swift */ = {isa = PBXFileReference; lastKnownFileType = sourcecode.swift; path = ViewController.swift; sourceTree = "<group>"; };
		C608D90429D3211B009EC779 /* Base */ = {isa = PBXFileReference; lastKnownFileType = file.storyboard; name = Base; path = Base.lproj/Main.storyboard; sourceTree = "<group>"; };
		C608D90629D3211C009EC779 /* Assets.xcassets */ = {isa = PBXFileReference; lastKnownFileType = folder.assetcatalog; path = Assets.xcassets; sourceTree = "<group>"; };
		C608D90929D3211C009EC779 /* Base */ = {isa = PBXFileReference; lastKnownFileType = file.storyboard; name = Base; path = Base.lproj/LaunchScreen.storyboard; sourceTree = "<group>"; };
		C608D90B29D3211C009EC779 /* Info.plist */ = {isa = PBXFileReference; lastKnownFileType = text.plist.xml; path = Info.plist; sourceTree = "<group>"; };
/* End PBXFileReference section */

/* Begin PBXFrameworksBuildPhase section */
		C608D8F729D3211B009EC779 /* Frameworks */ = {
			isa = PBXFrameworksBuildPhase;
			buildActionMask = 2147483647;
			files = (
				6709ED62BCF147C0F65D5052 /* Pods_PriceChecker.framework in Frameworks */,
			);
			runOnlyForDeploymentPostprocessing = 0;
		};
/* End PBXFrameworksBuildPhase section */

/* Begin PBXGroup section */
		666256B71CF7C74F9C09D72D /* Pods */ = {
			isa = PBXGroup;
			children = (
				94970647DEC262D5DE7AC7A2 /* Pods-PriceChecker.debug.xcconfig */,
				4BC56D11B514F6D5A241EADD /* Pods-PriceChecker.release.xcconfig */,
			);
			name = Pods;
			path = Pods;
			sourceTree = "<group>";
		};
		8D839B3AC109FF8BCAA2538F /* Frameworks */ = {
			isa = PBXGroup;
			children = (
				5573C73DAAEA91C475FBBE10 /* Pods_PriceChecker.framework */,
			);
			name = Frameworks;
			sourceTree = "<group>";
		};
		C608D8F129D3211B009EC779 = {
			isa = PBXGroup;
			children = (
				C608D8FC29D3211B009EC779 /* PriceChecker */,
				C608D8FB29D3211B009EC779 /* Products */,
				666256B71CF7C74F9C09D72D /* Pods */,
				8D839B3AC109FF8BCAA2538F /* Frameworks */,
			);
			sourceTree = "<group>";
		};
		C608D8FB29D3211B009EC779 /* Products */ = {
			isa = PBXGroup;
			children = (
				C608D8FA29D3211B009EC779 /* PriceChecker.app */,
			);
			name = Products;
			sourceTree = "<group>";
		};
		C608D8FC29D3211B009EC779 /* PriceChecker */ = {
			isa = PBXGroup;
			children = (
				C608D8FD29D3211B009EC779 /* AppDelegate.swift */,
				C608D8FF29D3211B009EC779 /* SceneDelegate.swift */,
				C608D90129D3211B009EC779 /* ViewController.swift */,
				C608D90329D3211B009EC779 /* Main.storyboard */,
				C608D90629D3211C009EC779 /* Assets.xcassets */,
				C608D90829D3211C009EC779 /* LaunchScreen.storyboard */,
				C608D90B29D3211C009EC779 /* Info.plist */,
			);
			path = PriceChecker;
			sourceTree = "<group>";
		};
/* End PBXGroup section */

/* Begin PBXNativeTarget section */
		C608D8F929D3211B009EC779 /* PriceChecker */ = {
			isa = PBXNativeTarget;
			buildConfigurationList = C608D90E29D3211C009EC779 /* Build configuration list for PBXNativeTarget "PriceChecker" */;
			buildPhases = (
				3A07285C023C30D7199A2C1E /* [CP] Check Pods Manifest.lock */,
				C608D8F629D3211B009EC779 /* Sources */,
				C608D8F729D3211B009EC779 /* Frameworks */,
				C608D8F829D3211B009EC779 /* Resources */,
				35D0D4F64B4412934CEE35A1 /* [CP] Embed Pods Frameworks */,
			);
			buildRules = (
			);
			dependencies = (
			);
			name = PriceChecker;
			productName = PriceChecker;
			productReference = C608D8FA29D3211B009EC779 /* PriceChecker.app */;
			productType = "com.apple.product-type.application";
		};
/* End PBXNativeTarget section */

/* Begin PBXProject section */
		C608D8F229D3211B009EC779 /* Project object */ = {
			isa = PBXProject;
			attributes = {
				BuildIndependentTargetsInParallel = 1;
				LastSwiftUpdateCheck = 1420;
				LastUpgradeCheck = 1420;
				TargetAttributes = {
					C608D8F929D3211B009EC779 = {
						CreatedOnToolsVersion = 14.2;
					};
				};
			};
			buildConfigurationList = C608D8F529D3211B009EC779 /* Build configuration list for PBXProject "PriceChecker" */;
			compatibilityVersion = "Xcode 14.0";
			developmentRegion = en;
			hasScannedForEncodings = 0;
			knownRegions = (
				en,
				Base,
			);
			mainGroup = C608D8F129D3211B009EC779;
			productRefGroup = C608D8FB29D3211B009EC779 /* Products */;
			projectDirPath = "";
			projectRoot = "";
			targets = (
				C608D8F929D3211B009EC779 /* PriceChecker */,
			);
		};
/* End PBXProject section */

/* Begin PBXResourcesBuildPhase section */
		C608D8F829D3211B009EC779 /* Resources */ = {
			isa = PBXResourcesBuildPhase;
			buildActionMask = 2147483647;
			files = (
				C608D90A29D3211C009EC779 /* LaunchScreen.storyboard in Resources */,
				C608D90729D3211C009EC779 /* Assets.xcassets in Resources */,
				C608D90529D3211B009EC779 /* Main.storyboard in Resources */,
			);
			runOnlyForDeploymentPostprocessing = 0;
		};
/* End PBXResourcesBuildPhase section */

/* Begin PBXShellScriptBuildPhase section */
		35D0D4F64B4412934CEE35A1 /* [CP] Embed Pods Frameworks */ = {
			isa = PBXShellScriptBuildPhase;
			buildActionMask = 2147483647;
			files = (
			);
			inputFileListPaths = (
				"${PODS_ROOT}/Target Support Files/Pods-PriceChecker/Pods-PriceChecker-frameworks-${CONFIGURATION}-input-files.xcfilelist",
			);
			name = "[CP] Embed Pods Frameworks";
			outputFileListPaths = (
				"${PODS_ROOT}/Target Support Files/Pods-PriceChecker/Pods-PriceChecker-frameworks-${CONFIGURATION}-output-files.xcfilelist",
			);
			runOnlyForDeploymentPostprocessing = 0;
			shellPath = /bin/sh;
			shellScript = "\"${PODS_ROOT}/Target Support Files/Pods-PriceChecker/Pods-PriceChecker-frameworks.sh\"\n";
			showEnvVarsInLog = 0;
		};
		3A07285C023C30D7199A2C1E /* [CP] Check Pods Manifest.lock */ = {
			isa = PBXShellScriptBuildPhase;
			buildActionMask = 2147483647;
			files = (
			);
			inputFileListPaths = (
			);
			inputPaths = (
				"${PODS_PODFILE_DIR_PATH}/Podfile.lock",
				"${PODS_ROOT}/Manifest.lock",
			);
			name = "[CP] Check Pods Manifest.lock";
			outputFileListPaths = (
			);
			outputPaths = (
				"$(DERIVED_FILE_DIR)/Pods-PriceChecker-checkManifestLockResult.txt",
			);
			runOnlyForDeploymentPostprocessing = 0;
			shellPath = /bin/sh;
			shellScript = "diff \"${PODS_PODFILE_DIR_PATH}/Podfile.lock\" \"${PODS_ROOT}/Manifest.lock\" > /dev/null\nif [ $? != 0 ] ; then\n    # print error to STDERR\n    echo \"error: The sandbox is not in sync with the Podfile.lock. Run 'pod install' or update your CocoaPods installation.\" >&2\n    exit 1\nfi\n# This output is used by Xcode 'outputs' to avoid re-running this script phase.\necho \"SUCCESS\" > \"${SCRIPT_OUTPUT_FILE_0}\"\n";
			showEnvVarsInLog = 0;
		};
/* End PBXShellScriptBuildPhase section */

/* Begin PBXSourcesBuildPhase section */
		C608D8F629D3211B009EC779 /* Sources */ = {
			isa = PBXSourcesBuildPhase;
			buildActionMask = 2147483647;
			files = (
				C608D90229D3211B009EC779 /* ViewController.swift in Sources */,
				C608D8FE29D3211B009EC779 /* AppDelegate.swift in Sources */,
				C608D90029D3211B009EC779 /* SceneDelegate.swift in Sources */,
			);
			runOnlyForDeploymentPostprocessing = 0;
		};
/* End PBXSourcesBuildPhase section */

/* Begin PBXVariantGroup section */
		C608D90329D3211B009EC779 /* Main.storyboard */ = {
			isa = PBXVariantGroup;
			children = (
				C608D90429D3211B009EC779 /* Base */,
			);
			name = Main.storyboard;
			sourceTree = "<group>";
		};
		C608D90829D3211C009EC779 /* LaunchScreen.storyboard */ = {
			isa = PBXVariantGroup;
			children = (
				C608D90929D3211C009EC779 /* Base */,
			);
			name = LaunchScreen.storyboard;
			sourceTree = "<group>";
		};
/* End PBXVariantGroup section */

/* Begin XCBuildConfiguration section */
		C608D90C29D3211C009EC779 /* Debug */ = {
			isa = XCBuildConfiguration;
			buildSettings = {
				ALWAYS_SEARCH_USER_PATHS = NO;
				CLANG_ANALYZER_NONNULL = YES;
				CLANG_ANALYZER_NUMBER_OBJECT_CONVERSION = YES_AGGRESSIVE;
				CLANG_CXX_LANGUAGE_STANDARD = "gnu++20";
				CLANG_ENABLE_MODULES = YES;
				CLANG_ENABLE_OBJC_ARC = YES;
				CLANG_ENABLE_OBJC_WEAK = YES;
				CLANG_WARN_BLOCK_CAPTURE_AUTORELEASING = YES;
				CLANG_WARN_BOOL_CONVERSION = YES;
				CLANG_WARN_COMMA = YES;
				CLANG_WARN_CONSTANT_CONVERSION = YES;
				CLANG_WARN_DEPRECATED_OBJC_IMPLEMENTATIONS = YES;
				CLANG_WARN_DIRECT_OBJC_ISA_USAGE = YES_ERROR;
				CLANG_WARN_DOCUMENTATION_COMMENTS = YES;
				CLANG_WARN_EMPTY_BODY = YES;
				CLANG_WARN_ENUM_CONVERSION = YES;
				CLANG_WARN_INFINITE_RECURSION = YES;
				CLANG_WARN_INT_CONVERSION = YES;
				CLANG_WARN_NON_LITERAL_NULL_CONVERSION = YES;
				CLANG_WARN_OBJC_IMPLICIT_RETAIN_SELF = YES;
				CLANG_WARN_OBJC_LITERAL_CONVERSION = YES;
				CLANG_WARN_OBJC_ROOT_CLASS = YES_ERROR;
				CLANG_WARN_QUOTED_INCLUDE_IN_FRAMEWORK_HEADER = YES;
				CLANG_WARN_RANGE_LOOP_ANALYSIS = YES;
				CLANG_WARN_STRICT_PROTOTYPES = YES;
				CLANG_WARN_SUSPICIOUS_MOVE = YES;
				CLANG_WARN_UNGUARDED_AVAILABILITY = YES_AGGRESSIVE;
				CLANG_WARN_UNREACHABLE_CODE = YES;
				CLANG_WARN__DUPLICATE_METHOD_MATCH = YES;
				COPY_PHASE_STRIP = NO;
				DEBUG_INFORMATION_FORMAT = dwarf;
				ENABLE_STRICT_OBJC_MSGSEND = YES;
				ENABLE_TESTABILITY = YES;
				GCC_C_LANGUAGE_STANDARD = gnu11;
				GCC_DYNAMIC_NO_PIC = NO;
				GCC_NO_COMMON_BLOCKS = YES;
				GCC_OPTIMIZATION_LEVEL = 0;
				GCC_PREPROCESSOR_DEFINITIONS = (
					"DEBUG=1",
					"$(inherited)",
				);
				GCC_WARN_64_TO_32_BIT_CONVERSION = YES;
				GCC_WARN_ABOUT_RETURN_TYPE = YES_ERROR;
				GCC_WARN_UNDECLARED_SELECTOR = YES;
				GCC_WARN_UNINITIALIZED_AUTOS = YES_AGGRESSIVE;
				GCC_WARN_UNUSED_FUNCTION = YES;
				GCC_WARN_UNUSED_VARIABLE = YES;
				IPHONEOS_DEPLOYMENT_TARGET = 16.2;
				MTL_ENABLE_DEBUG_INFO = INCLUDE_SOURCE;
				MTL_FAST_MATH = YES;
				ONLY_ACTIVE_ARCH = YES;
				SDKROOT = iphoneos;
				SWIFT_ACTIVE_COMPILATION_CONDITIONS = DEBUG;
				SWIFT_OPTIMIZATION_LEVEL = "-Onone";
			};
			name = Debug;
		};
		C608D90D29D3211C009EC779 /* Release */ = {
			isa = XCBuildConfiguration;
			buildSettings = {
				ALWAYS_SEARCH_USER_PATHS = NO;
				CLANG_ANALYZER_NONNULL = YES;
				CLANG_ANALYZER_NUMBER_OBJECT_CONVERSION = YES_AGGRESSIVE;
				CLANG_CXX_LANGUAGE_STANDARD = "gnu++20";
				CLANG_ENABLE_MODULES = YES;
				CLANG_ENABLE_OBJC_ARC = YES;
				CLANG_ENABLE_OBJC_WEAK = YES;
				CLANG_WARN_BLOCK_CAPTURE_AUTORELEASING = YES;
				CLANG_WARN_BOOL_CONVERSION = YES;
				CLANG_WARN_COMMA = YES;
				CLANG_WARN_CONSTANT_CONVERSION = YES;
				CLANG_WARN_DEPRECATED_OBJC_IMPLEMENTATIONS = YES;
				CLANG_WARN_DIRECT_OBJC_ISA_USAGE = YES_ERROR;
				CLANG_WARN_DOCUMENTATION_COMMENTS = YES;
				CLANG_WARN_EMPTY_BODY = YES;
				CLANG_WARN_ENUM_CONVERSION = YES;
				CLANG_WARN_INFINITE_RECURSION = YES;
				CLANG_WARN_INT_CONVERSION = YES;
				CLANG_WARN_NON_LITERAL_NULL_CONVERSION = YES;
				CLANG_WARN_OBJC_IMPLICIT_RETAIN_SELF = YES;
				CLANG_WARN_OBJC_LITERAL_CONVERSION = YES;
				CLANG_WARN_OBJC_ROOT_CLASS = YES_ERROR;
				CLANG_WARN_QUOTED_INCLUDE_IN_FRAMEWORK_HEADER = YES;
				CLANG_WARN_RANGE_LOOP_ANALYSIS = YES;
				CLANG_WARN_STRICT_PROTOTYPES = YES;
				CLANG_WARN_SUSPICIOUS_MOVE = YES;
				CLANG_WARN_UNGUARDED_AVAILABILITY = YES_AGGRESSIVE;
				CLANG_WARN_UNREACHABLE_CODE = YES;
				CLANG_WARN__DUPLICATE_METHOD_MATCH = YES;
				COPY_PHASE_STRIP = NO;
				DEBUG_INFORMATION_FORMAT = "dwarf-with-dsym";
				ENABLE_NS_ASSERTIONS = NO;
				ENABLE_STRICT_OBJC_MSGSEND = YES;
				GCC_C_LANGUAGE_STANDARD = gnu11;
				GCC_NO_COMMON_BLOCKS = YES;
				GCC_WARN_64_TO_32_BIT_CONVERSION = YES;
				GCC_WARN_ABOUT_RETURN_TYPE = YES_ERROR;
				GCC_WARN_UNDECLARED_SELECTOR = YES;
				GCC_WARN_UNINITIALIZED_AUTOS = YES_AGGRESSIVE;
				GCC_WARN_UNUSED_FUNCTION = YES;
				GCC_WARN_UNUSED_VARIABLE = YES;
				IPHONEOS_DEPLOYMENT_TARGET = 16.2;
				MTL_ENABLE_DEBUG_INFO = NO;
				MTL_FAST_MATH = YES;
				SDKROOT = iphoneos;
				SWIFT_COMPILATION_MODE = wholemodule;
				SWIFT_OPTIMIZATION_LEVEL = "-O";
				VALIDATE_PRODUCT = YES;
			};
			name = Release;
		};
		C608D90F29D3211C009EC779 /* Debug */ = {
			isa = XCBuildConfiguration;
			baseConfigurationReference = 94970647DEC262D5DE7AC7A2 /* Pods-PriceChecker.debug.xcconfig */;
			buildSettings = {
				ASSETCATALOG_COMPILER_APPICON_NAME = AppIcon;
				ASSETCATALOG_COMPILER_GLOBAL_ACCENT_COLOR_NAME = AccentColor;
				CODE_SIGN_STYLE = Automatic;
				CURRENT_PROJECT_VERSION = 1;
				DEVELOPMENT_TEAM = HHF8M5H7Z7;
				GENERATE_INFOPLIST_FILE = YES;
				INFOPLIST_FILE = PriceChecker/Info.plist;
				INFOPLIST_KEY_UIApplicationSupportsIndirectInputEvents = YES;
				INFOPLIST_KEY_UILaunchStoryboardName = LaunchScreen;
				INFOPLIST_KEY_UIMainStoryboardFile = Main;
				INFOPLIST_KEY_UISupportedInterfaceOrientations_iPad = "UIInterfaceOrientationPortrait UIInterfaceOrientationPortraitUpsideDown UIInterfaceOrientationLandscapeLeft UIInterfaceOrientationLandscapeRight";
				INFOPLIST_KEY_UISupportedInterfaceOrientations_iPhone = "UIInterfaceOrientationPortrait UIInterfaceOrientationLandscapeLeft UIInterfaceOrientationLandscapeRight";
				LD_RUNPATH_SEARCH_PATHS = (
					"$(inherited)",
					"@executable_path/Frameworks",
				);
				MARKETING_VERSION = 1.0;
				PRODUCT_BUNDLE_IDENTIFIER = com.yopa.cullun.PriceChecker;
				PRODUCT_NAME = "$(TARGET_NAME)";
				SWIFT_EMIT_LOC_STRINGS = YES;
				SWIFT_VERSION = 5.0;
				TARGETED_DEVICE_FAMILY = "1,2";
			};
			name = Debug;
		};
		C608D91029D3211C009EC779 /* Release */ = {
			isa = XCBuildConfiguration;
			baseConfigurationReference = 4BC56D11B514F6D5A241EADD /* Pods-PriceChecker.release.xcconfig */;
			buildSettings = {
				ASSETCATALOG_COMPILER_APPICON_NAME = AppIcon;
				ASSETCATALOG_COMPILER_GLOBAL_ACCENT_COLOR_NAME = AccentColor;
				CODE_SIGN_STYLE = Automatic;
				CURRENT_PROJECT_VERSION = 1;
				DEVELOPMENT_TEAM = HHF8M5H7Z7;
				GENERATE_INFOPLIST_FILE = YES;
				INFOPLIST_FILE = PriceChecker/Info.plist;
				INFOPLIST_KEY_UIApplicationSupportsIndirectInputEvents = YES;
				INFOPLIST_KEY_UILaunchStoryboardName = LaunchScreen;
				INFOPLIST_KEY_UIMainStoryboardFile = Main;
				INFOPLIST_KEY_UISupportedInterfaceOrientations_iPad = "UIInterfaceOrientationPortrait UIInterfaceOrientationPortraitUpsideDown UIInterfaceOrientationLandscapeLeft UIInterfaceOrientationLandscapeRight";
				INFOPLIST_KEY_UISupportedInterfaceOrientations_iPhone = "UIInterfaceOrientationPortrait UIInterfaceOrientationLandscapeLeft UIInterfaceOrientationLandscapeRight";
				LD_RUNPATH_SEARCH_PATHS = (
					"$(inherited)",
					"@executable_path/Frameworks",
				);
				MARKETING_VERSION = 1.0;
				PRODUCT_BUNDLE_IDENTIFIER = com.yopa.cullun.PriceChecker;
				PRODUCT_NAME = "$(TARGET_NAME)";
				SWIFT_EMIT_LOC_STRINGS = YES;
				SWIFT_VERSION = 5.0;
				TARGETED_DEVICE_FAMILY = "1,2";
			};
			name = Release;
		};
/* End XCBuildConfiguration section */

/* Begin XCConfigurationList section */
		C608D8F529D3211B009EC779 /* Build configuration list for PBXProject "PriceChecker" */ = {
			isa = XCConfigurationList;
			buildConfigurations = (
				C608D90C29D3211C009EC779 /* Debug */,
				C608D90D29D3211C009EC779 /* Release */,
			);
			defaultConfigurationIsVisible = 0;
			defaultConfigurationName = Release;
		};
		C608D90E29D3211C009EC779 /* Build configuration list for PBXNativeTarget "PriceChecker" */ = {
			isa = XCConfigurationList;
			buildConfigurations = (
				C608D90F29D3211C009EC779 /* Debug */,
				C608D91029D3211C009EC779 /* Release */,
			);
			defaultConfigurationIsVisible = 0;
			defaultConfigurationName = Release;
		};
/* End XCConfigurationList section */
	};
	rootObject = C608D8F229D3211B009EC779 /* Project object */;
}
